
Microsoft Visual Studio Solution File, Format Version 12.00
# Visual Studio Version 16
VisualStudioVersion = 16.0.31410.357
MinimumVisualStudioVersion = 10.0.40219.1
Project("{FAE04EC0-301F-11D3-BF4B-00C04F79EFBC}") = "TPV", "TPV\TPV.csproj", "{8E7586E3-94C6-42EA-8C6E-A25868772C95}"
EndProject
Project("{FAE04EC0-301F-11D3-BF4B-00C04F79EFBC}") = "BBDD", "BBDD\BBDD.csproj", "{817A0C7F-8A40-487C-82B9-E8F4FEB299BF}"
EndProject
Global
	GlobalSection(SolutionConfigurationPlatforms) = preSolution
		Debug|Any CPU = Debug|Any CPU
		Release|Any CPU = Release|Any CPU
	EndGlobalSection
	GlobalSection(ProjectConfigurationPlatforms) = postSolution
		{8E7586E3-94C6-42EA-8C6E-A25868772C95}.Debug|Any CPU.ActiveCfg = Debug|Any CPU
		{8E7586E3-94C6-42EA-8C6E-A25868772C95}.Debug|Any CPU.Build.0 = Debug|Any CPU
		{8E7586E3-94C6-42EA-8C6E-A25868772C95}.Release|Any CPU.ActiveCfg = Release|Any CPU
		{8E7586E3-94C6-42EA-8C6E-A25868772C95}.Release|Any CPU.Build.0 = Release|Any CPU
		{817A0C7F-8A40-487C-82B9-E8F4FEB299BF}.Debug|Any CPU.ActiveCfg = Debug|Any CPU
		{817A0C7F-8A40-487C-82B9-E8F4FEB299BF}.Debug|Any CPU.Build.0 = Debug|Any CPU
		{817A0C7F-8A40-487C-82B9-E8F4FEB299BF}.Release|Any CPU.ActiveCfg = Release|Any CPU
		{817A0C7F-8A40-487C-82B9-E8F4FEB299BF}.Release|Any CPU.Build.0 = Release|Any CPU
	EndGlobalSection
	GlobalSection(SolutionProperties) = preSolution
		HideSolutionNode = FALSE
	EndGlobalSection
	GlobalSection(ExtensibilityGlobals) = postSolution
		SolutionGuid = {D9F4193F-B807-4A15-B546-624EE8BDAF0F}
	EndGlobalSection
EndGlobal
